
Microsoft Visual Studio Solution File, Format Version 12.00
# Visual Studio 15
Project("{FAE04EC0-301F-11D3-BF4B-00C04F79EFBC}") = "Assembly-CSharp", "Assembly-CSharp.csproj", "{29EC0DDB-2A69-92DA-71C7-ED8BA4F090D9}"
EndProject
Project("{FAE04EC0-301F-11D3-BF4B-00C04F79EFBC}") = "Assembly-CSharp-Editor", "Assembly-CSharp-Editor.csproj", "{C28F4DD3-0284-7208-F82E-EEC4AB31E04D}"
EndProject
Global
	GlobalSection(SolutionConfigurationPlatforms) = preSolution
		Debug|Any CPU = Debug|Any CPU
		Release|Any CPU = Release|Any CPU
	EndGlobalSection
	GlobalSection(ProjectConfigurationPlatforms) = postSolution
		{29EC0DDB-2A69-92DA-71C7-ED8BA4F090D9}.Debug|Any CPU.ActiveCfg = Debug|Any CPU
		{29EC0DDB-2A69-92DA-71C7-ED8BA4F090D9}.Debug|Any CPU.Build.0 = Debug|Any CPU
		{29EC0DDB-2A69-92DA-71C7-ED8BA4F090D9}.Release|Any CPU.ActiveCfg = Release|Any CPU
		{29EC0DDB-2A69-92DA-71C7-ED8BA4F090D9}.Release|Any CPU.Build.0 = Release|Any CPU
		{C28F4DD3-0284-7208-F82E-EEC4AB31E04D}.Debug|Any CPU.ActiveCfg = Debug|Any CPU
		{C28F4DD3-0284-7208-F82E-EEC4AB31E04D}.Debug|Any CPU.Build.0 = Debug|Any CPU
		{C28F4DD3-0284-7208-F82E-EEC4AB31E04D}.Release|Any CPU.ActiveCfg = Release|Any CPU
		{C28F4DD3-0284-7208-F82E-EEC4AB31E04D}.Release|Any CPU.Build.0 = Release|Any CPU
	EndGlobalSection
	GlobalSection(SolutionProperties) = preSolution
		HideSolutionNode = FALSE
	EndGlobalSection
EndGlobal
